{
  "name": "spawn-event-emitter-issue-package-test",
  "version": "1.0.0",
  "lockfileVersion": 1,
  "requires": true,
  "dependencies": {
    "spawn-event-emitter-issue": {
      "version": "1.0.0",
      "resolved": "https://registry.npmjs.org/spawn-event-emitter-issue/-/spawn-event-emitter-issue-1.0.0.tgz",
      "integrity": "sha512-XwWNBdObQVSQy9GGaqUHj2yp/ZTkoUj0pn/TWwtxqx3/LLFsZVboqiO0vuNWVN7mvisiRX4+PI5GuAYhrC3edA=="
    }
  }
}
